
Microsoft Visual Studio Solution File, Format Version 12.00
# Visual Studio Version 16
VisualStudioVersion = 16.0.30804.86
MinimumVisualStudioVersion = 10.0.40219.1
Project("{FAE04EC0-301F-11D3-BF4B-00C04F79EFBC}") = "Discss", "Discss\Discss.csproj", "{75E17FB0-1FB4-4BA8-A5B8-D53C0E708940}"
EndProject
Project("{54435603-DBB4-11D2-8724-00A0C9A8B90C}") = "Discss_installer", "Discss_installer\Discss_installer.vdproj", "{3D376E0F-7DD9-4020-8AEA-8ED80CE0939A}"
EndProject
Global
	GlobalSection(SolutionConfigurationPlatforms) = preSolution
		Debug|Any CPU = Debug|Any CPU
		Release|Any CPU = Release|Any CPU
	EndGlobalSection
	GlobalSection(ProjectConfigurationPlatforms) = postSolution
		{75E17FB0-1FB4-4BA8-A5B8-D53C0E708940}.Debug|Any CPU.ActiveCfg = Debug|Any CPU
		{75E17FB0-1FB4-4BA8-A5B8-D53C0E708940}.Debug|Any CPU.Build.0 = Debug|Any CPU
		{75E17FB0-1FB4-4BA8-A5B8-D53C0E708940}.Release|Any CPU.ActiveCfg = Release|Any CPU
		{75E17FB0-1FB4-4BA8-A5B8-D53C0E708940}.Release|Any CPU.Build.0 = Release|Any CPU
		{3D376E0F-7DD9-4020-8AEA-8ED80CE0939A}.Debug|Any CPU.ActiveCfg = Debug
		{3D376E0F-7DD9-4020-8AEA-8ED80CE0939A}.Release|Any CPU.ActiveCfg = Release
	EndGlobalSection
	GlobalSection(SolutionProperties) = preSolution
		HideSolutionNode = FALSE
	EndGlobalSection
	GlobalSection(ExtensibilityGlobals) = postSolution
		SolutionGuid = {47CF7429-7B9F-499B-9884-5097D4A168B3}
	EndGlobalSection
EndGlobal
